
Microsoft Visual Studio Solution File, Format Version 11.00
# Visual C++ Express 2010
Project("{8BC9CEB8-8B4A-11D0-8D11-00A0C91BC942}") = "reverse_tcp_standalone", "reverse_tcp_standalone\reverse_tcp_standalone.vcxproj", "{EA75B247-53CF-402D-AF31-78026D5A3A47}"
EndProject
Project("{8BC9CEB8-8B4A-11D0-8D11-00A0C91BC942}") = "bind_tcp_standalone", "bind_tcp_standalone\bind_tcp_standalone.vcxproj", "{7A80C5FA-6637-4D18-ACE7-D23BC1C2E449}"
EndProject
Global
	GlobalSection(SolutionConfigurationPlatforms) = preSolution
		Debug|Win32 = Debug|Win32
		Release|Win32 = Release|Win32
	EndGlobalSection
	GlobalSection(ProjectConfigurationPlatforms) = postSolution
		{EA75B247-53CF-402D-AF31-78026D5A3A47}.Debug|Win32.ActiveCfg = Debug|Win32
		{EA75B247-53CF-402D-AF31-78026D5A3A47}.Debug|Win32.Build.0 = Debug|Win32
		{EA75B247-53CF-402D-AF31-78026D5A3A47}.Release|Win32.ActiveCfg = Release|Win32
		{EA75B247-53CF-402D-AF31-78026D5A3A47}.Release|Win32.Build.0 = Release|Win32
		{7A80C5FA-6637-4D18-ACE7-D23BC1C2E449}.Debug|Win32.ActiveCfg = Debug|Win32
		{7A80C5FA-6637-4D18-ACE7-D23BC1C2E449}.Debug|Win32.Build.0 = Debug|Win32
		{7A80C5FA-6637-4D18-ACE7-D23BC1C2E449}.Release|Win32.ActiveCfg = Release|Win32
		{7A80C5FA-6637-4D18-ACE7-D23BC1C2E449}.Release|Win32.Build.0 = Release|Win32
	EndGlobalSection
	GlobalSection(SolutionProperties) = preSolution
		HideSolutionNode = FALSE
	EndGlobalSection
EndGlobal
